
Microsoft Visual Studio Solution File, Format Version 12.00
# Visual Studio Version 16
VisualStudioVersion = 16.0.30611.23
MinimumVisualStudioVersion = 10.0.40219.1
Project("{9A19103F-16F7-4668-BE54-9A1E7A4F7556}") = "WPFProductManagment", "WPFProductManagment\WPFProductManagment.csproj", "{9DC0FF8A-CFE9-4B65-AD25-EB45A5DFDC3B}"
EndProject
Project("{2150E333-8FDC-42A3-9474-1A3956D46DE8}") = "Solution Items", "Solution Items", "{DBE5F679-61A8-458C-B31C-6D7EF556DE3B}"
	ProjectSection(SolutionItems) = preProject
		.editorconfig = .editorconfig
	EndProjectSection
EndProject
Project("{FAE04EC0-301F-11D3-BF4B-00C04F79EFBC}") = "Productmanagement.DataLayer", "Productmanagement.DataLayer\Productmanagement.DataLayer.csproj", "{E0D15314-700C-4B1E-87C0-D2F7845FF682}"
EndProject
Global
	GlobalSection(SolutionConfigurationPlatforms) = preSolution
		Debug|Any CPU = Debug|Any CPU
		Release|Any CPU = Release|Any CPU
	EndGlobalSection
	GlobalSection(ProjectConfigurationPlatforms) = postSolution
		{9DC0FF8A-CFE9-4B65-AD25-EB45A5DFDC3B}.Debug|Any CPU.ActiveCfg = Debug|Any CPU
		{9DC0FF8A-CFE9-4B65-AD25-EB45A5DFDC3B}.Debug|Any CPU.Build.0 = Debug|Any CPU
		{9DC0FF8A-CFE9-4B65-AD25-EB45A5DFDC3B}.Release|Any CPU.ActiveCfg = Release|Any CPU
		{9DC0FF8A-CFE9-4B65-AD25-EB45A5DFDC3B}.Release|Any CPU.Build.0 = Release|Any CPU
		{E0D15314-700C-4B1E-87C0-D2F7845FF682}.Debug|Any CPU.ActiveCfg = Debug|Any CPU
		{E0D15314-700C-4B1E-87C0-D2F7845FF682}.Debug|Any CPU.Build.0 = Debug|Any CPU
		{E0D15314-700C-4B1E-87C0-D2F7845FF682}.Release|Any CPU.ActiveCfg = Release|Any CPU
		{E0D15314-700C-4B1E-87C0-D2F7845FF682}.Release|Any CPU.Build.0 = Release|Any CPU
	EndGlobalSection
	GlobalSection(SolutionProperties) = preSolution
		HideSolutionNode = FALSE
	EndGlobalSection
	GlobalSection(ExtensibilityGlobals) = postSolution
		SolutionGuid = {74C9117E-CC1D-4294-9D4C-D0DCBE17974C}
	EndGlobalSection
EndGlobal
